// !$*UTF8*$!
{
	archiveVersion = 1;
	classes = {
	};
	objectVersion = 50;
	objects = {

/* Begin PBXBuildFile section */
		D72A746C255CEB250045D800 /* Extension.swift in Sources */ = {isa = PBXBuildFile; fileRef = D72A746B255CEB250045D800 /* Extension.swift */; };
		D72A7471255CEFC80045D800 /* GameViewController.swift in Sources */ = {isa = PBXBuildFile; fileRef = D72A7470255CEFC80045D800 /* GameViewController.swift */; };
		D72A7476255D021C0045D800 /* GameViewCell.swift in Sources */ = {isa = PBXBuildFile; fileRef = D72A7475255D021C0045D800 /* GameViewCell.swift */; };
		D72A747E255D037C0045D800 /* SettingsViewController.swift in Sources */ = {isa = PBXBuildFile; fileRef = D72A747D255D037C0045D800 /* SettingsViewController.swift */; };
		D78CC7AA25579C7900471D85 /* AppDelegate.swift in Sources */ = {isa = PBXBuildFile; fileRef = D78CC7A925579C7900471D85 /* AppDelegate.swift */; };
		D78CC7AC25579C7900471D85 /* SceneDelegate.swift in Sources */ = {isa = PBXBuildFile; fileRef = D78CC7AB25579C7900471D85 /* SceneDelegate.swift */; };
		D78CC7B125579C7900471D85 /* Main.storyboard in Resources */ = {isa = PBXBuildFile; fileRef = D78CC7AF25579C7900471D85 /* Main.storyboard */; };
		D78CC7B325579C7D00471D85 /* Assets.xcassets in Resources */ = {isa = PBXBuildFile; fileRef = D78CC7B225579C7D00471D85 /* Assets.xcassets */; };
		D78CC7B625579C7D00471D85 /* LaunchScreen.storyboard in Resources */ = {isa = PBXBuildFile; fileRef = D78CC7B425579C7D00471D85 /* LaunchScreen.storyboard */; };
		D78CC7C125579C7E00471D85 /* iMultiplyTests.swift in Sources */ = {isa = PBXBuildFile; fileRef = D78CC7C025579C7E00471D85 /* iMultiplyTests.swift */; };
		D78CC7CC25579C7E00471D85 /* iMultiplyUITests.swift in Sources */ = {isa = PBXBuildFile; fileRef = D78CC7CB25579C7E00471D85 /* iMultiplyUITests.swift */; };
		D78CC7DD25579DA700471D85 /* Montserrat in Resources */ = {isa = PBXBuildFile; fileRef = D78CC7DC25579DA700471D85 /* Montserrat */; };
/* End PBXBuildFile section */

/* Begin PBXContainerItemProxy section */
		D78CC7BD25579C7E00471D85 /* PBXContainerItemProxy */ = {
			isa = PBXContainerItemProxy;
			containerPortal = D78CC79E25579C7900471D85 /* Project object */;
			proxyType = 1;
			remoteGlobalIDString = D78CC7A525579C7900471D85;
			remoteInfo = iMultiply;
		};
		D78CC7C825579C7E00471D85 /* PBXContainerItemProxy */ = {
			isa = PBXContainerItemProxy;
			containerPortal = D78CC79E25579C7900471D85 /* Project object */;
			proxyType = 1;
			remoteGlobalIDString = D78CC7A525579C7900471D85;
			remoteInfo = iMultiply;
		};
/* End PBXContainerItemProxy section */

/* Begin PBXFileReference section */
		D72A746B255CEB250045D800 /* Extension.swift */ = {isa = PBXFileReference; lastKnownFileType = sourcecode.swift; path = Extension.swift; sourceTree = "<group>"; };
		D72A7470255CEFC80045D800 /* GameViewController.swift */ = {isa = PBXFileReference; lastKnownFileType = sourcecode.swift; path = GameViewController.swift; sourceTree = "<group>"; };
		D72A7475255D021C0045D800 /* GameViewCell.swift */ = {isa = PBXFileReference; lastKnownFileType = sourcecode.swift; path = GameViewCell.swift; sourceTree = "<group>"; };
		D72A747D255D037C0045D800 /* SettingsViewController.swift */ = {isa = PBXFileReference; lastKnownFileType = sourcecode.swift; path = SettingsViewController.swift; sourceTree = "<group>"; };
		D78CC7A625579C7900471D85 /* iMultiply.app */ = {isa = PBXFileReference; explicitFileType = wrapper.application; includeInIndex = 0; path = iMultiply.app; sourceTree = BUILT_PRODUCTS_DIR; };
		D78CC7A925579C7900471D85 /* AppDelegate.swift */ = {isa = PBXFileReference; lastKnownFileType = sourcecode.swift; path = AppDelegate.swift; sourceTree = "<group>"; };
		D78CC7AB25579C7900471D85 /* SceneDelegate.swift */ = {isa = PBXFileReference; lastKnownFileType = sourcecode.swift; path = SceneDelegate.swift; sourceTree = "<group>"; };
		D78CC7B025579C7900471D85 /* Base */ = {isa = PBXFileReference; lastKnownFileType = file.storyboard; name = Base; path = Base.lproj/Main.storyboard; sourceTree = "<group>"; };
		D78CC7B225579C7D00471D85 /* Assets.xcassets */ = {isa = PBXFileReference; lastKnownFileType = folder.assetcatalog; path = Assets.xcassets; sourceTree = "<group>"; };
		D78CC7B525579C7D00471D85 /* Base */ = {isa = PBXFileReference; lastKnownFileType = file.storyboard; name = Base; path = Base.lproj/LaunchScreen.storyboard; sourceTree = "<group>"; };
		D78CC7B725579C7D00471D85 /* Info.plist */ = {isa = PBXFileReference; lastKnownFileType = text.plist.xml; path = Info.plist; sourceTree = "<group>"; };
		D78CC7BC25579C7E00471D85 /* iMultiplyTests.xctest */ = {isa = PBXFileReference; explicitFileType = wrapper.cfbundle; includeInIndex = 0; path = iMultiplyTests.xctest; sourceTree = BUILT_PRODUCTS_DIR; };
		D78CC7C025579C7E00471D85 /* iMultiplyTests.swift */ = {isa = PBXFileReference; lastKnownFileType = sourcecode.swift; path = iMultiplyTests.swift; sourceTree = "<group>"; };
		D78CC7C225579C7E00471D85 /* Info.plist */ = {isa = PBXFileReference; lastKnownFileType = text.plist.xml; path = Info.plist; sourceTree = "<group>"; };
		D78CC7C725579C7E00471D85 /* iMultiplyUITests.xctest */ = {isa = PBXFileReference; explicitFileType = wrapper.cfbundle; includeInIndex = 0; path = iMultiplyUITests.xctest; sourceTree = BUILT_PRODUCTS_DIR; };
		D78CC7CB25579C7E00471D85 /* iMultiplyUITests.swift */ = {isa = PBXFileReference; lastKnownFileType = sourcecode.swift; path = iMultiplyUITests.swift; sourceTree = "<group>"; };
		D78CC7CD25579C7E00471D85 /* Info.plist */ = {isa = PBXFileReference; lastKnownFileType = text.plist.xml; path = Info.plist; sourceTree = "<group>"; };
		D78CC7DC25579DA700471D85 /* Montserrat */ = {isa = PBXFileReference; lastKnownFileType = folder; name = Montserrat; path = ../../../Documents/Montserrat; sourceTree = "<group>"; };
/* End PBXFileReference section */

/* Begin PBXFrameworksBuildPhase section */
		D78CC7A325579C7900471D85 /* Frameworks */ = {
			isa = PBXFrameworksBuildPhase;
			buildActionMask = 2147483647;
			files = (
			);
			runOnlyForDeploymentPostprocessing = 0;
		};
		D78CC7B925579C7E00471D85 /* Frameworks */ = {
			isa = PBXFrameworksBuildPhase;
			buildActionMask = 2147483647;
			files = (
			);
			runOnlyForDeploymentPostprocessing = 0;
		};
		D78CC7C425579C7E00471D85 /* Frameworks */ = {
			isa = PBXFrameworksBuildPhase;
			buildActionMask = 2147483647;
			files = (
			);
			runOnlyForDeploymentPostprocessing = 0;
		};
/* End PBXFrameworksBuildPhase section */

/* Begin PBXGroup section */
		D78CC79D25579C7900471D85 = {
			isa = PBXGroup;
			children = (
				D78CC7A825579C7900471D85 /* iMultiply */,
				D78CC7BF25579C7E00471D85 /* iMultiplyTests */,
				D78CC7CA25579C7E00471D85 /* iMultiplyUITests */,
				D78CC7A725579C7900471D85 /* Products */,
			);
			sourceTree = "<group>";
		};
		D78CC7A725579C7900471D85 /* Products */ = {
			isa = PBXGroup;
			children = (
				D78CC7A625579C7900471D85 /* iMultiply.app */,
				D78CC7BC25579C7E00471D85 /* iMultiplyTests.xctest */,
				D78CC7C725579C7E00471D85 /* iMultiplyUITests.xctest */,
			);
			name = Products;
			sourceTree = "<group>";
		};
		D78CC7A825579C7900471D85 /* iMultiply */ = {
			isa = PBXGroup;
			children = (
				D78CC7DC25579DA700471D85 /* Montserrat */,
				D78CC7A925579C7900471D85 /* AppDelegate.swift */,
				D78CC7AB25579C7900471D85 /* SceneDelegate.swift */,
				D72A7475255D021C0045D800 /* GameViewCell.swift */,
				D72A7470255CEFC80045D800 /* GameViewController.swift */,
				D72A747D255D037C0045D800 /* SettingsViewController.swift */,
				D78CC7AF25579C7900471D85 /* Main.storyboard */,
				D72A746B255CEB250045D800 /* Extension.swift */,
				D78CC7B225579C7D00471D85 /* Assets.xcassets */,
				D78CC7B425579C7D00471D85 /* LaunchScreen.storyboard */,
				D78CC7B725579C7D00471D85 /* Info.plist */,
			);
			path = iMultiply;
			sourceTree = "<group>";
		};
		D78CC7BF25579C7E00471D85 /* iMultiplyTests */ = {
			isa = PBXGroup;
			children = (
				D78CC7C025579C7E00471D85 /* iMultiplyTests.swift */,
				D78CC7C225579C7E00471D85 /* Info.plist */,
			);
			path = iMultiplyTests;
			sourceTree = "<group>";
		};
		D78CC7CA25579C7E00471D85 /* iMultiplyUITests */ = {
			isa = PBXGroup;
			children = (
				D78CC7CB25579C7E00471D85 /* iMultiplyUITests.swift */,
				D78CC7CD25579C7E00471D85 /* Info.plist */,
			);
			path = iMultiplyUITests;
			sourceTree = "<group>";
		};
/* End PBXGroup section */

/* Begin PBXNativeTarget section */
		D78CC7A525579C7900471D85 /* iMultiply */ = {
			isa = PBXNativeTarget;
			buildConfigurationList = D78CC7D025579C7E00471D85 /* Build configuration list for PBXNativeTarget "iMultiply" */;
			buildPhases = (
				D78CC7A225579C7900471D85 /* Sources */,
				D78CC7A325579C7900471D85 /* Frameworks */,
				D78CC7A425579C7900471D85 /* Resources */,
			);
			buildRules = (
			);
			dependencies = (
			);
			name = iMultiply;
			productName = iMultiply;
			productReference = D78CC7A625579C7900471D85 /* iMultiply.app */;
			productType = "com.apple.product-type.application";
		};
		D78CC7BB25579C7E00471D85 /* iMultiplyTests */ = {
			isa = PBXNativeTarget;
			buildConfigurationList = D78CC7D325579C7E00471D85 /* Build configuration list for PBXNativeTarget "iMultiplyTests" */;
			buildPhases = (
				D78CC7B825579C7E00471D85 /* Sources */,
				D78CC7B925579C7E00471D85 /* Frameworks */,
				D78CC7BA25579C7E00471D85 /* Resources */,
			);
			buildRules = (
			);
			dependencies = (
				D78CC7BE25579C7E00471D85 /* PBXTargetDependency */,
			);
			name = iMultiplyTests;
			productName = iMultiplyTests;
			productReference = D78CC7BC25579C7E00471D85 /* iMultiplyTests.xctest */;
			productType = "com.apple.product-type.bundle.unit-test";
		};
		D78CC7C625579C7E00471D85 /* iMultiplyUITests */ = {
			isa = PBXNativeTarget;
			buildConfigurationList = D78CC7D625579C7E00471D85 /* Build configuration list for PBXNativeTarget "iMultiplyUITests" */;
			buildPhases = (
				D78CC7C325579C7E00471D85 /* Sources */,
				D78CC7C425579C7E00471D85 /* Frameworks */,
				D78CC7C525579C7E00471D85 /* Resources */,
			);
			buildRules = (
			);
			dependencies = (
				D78CC7C925579C7E00471D85 /* PBXTargetDependency */,
			);
			name = iMultiplyUITests;
			productName = iMultiplyUITests;
			productReference = D78CC7C725579C7E00471D85 /* iMultiplyUITests.xctest */;
			productType = "com.apple.product-type.bundle.ui-testing";
		};
/* End PBXNativeTarget section */

/* Begin PBXProject section */
		D78CC79E25579C7900471D85 /* Project object */ = {
			isa = PBXProject;
			attributes = {
				LastSwiftUpdateCheck = 1210;
				LastUpgradeCheck = 1210;
				TargetAttributes = {
					D78CC7A525579C7900471D85 = {
						CreatedOnToolsVersion = 12.1;
					};
					D78CC7BB25579C7E00471D85 = {
						CreatedOnToolsVersion = 12.1;
						TestTargetID = D78CC7A525579C7900471D85;
					};
					D78CC7C625579C7E00471D85 = {
						CreatedOnToolsVersion = 12.1;
						TestTargetID = D78CC7A525579C7900471D85;
					};
				};
			};
			buildConfigurationList = D78CC7A125579C7900471D85 /* Build configuration list for PBXProject "iMultiply" */;
			compatibilityVersion = "Xcode 9.3";
			developmentRegion = en;
			hasScannedForEncodings = 0;
			knownRegions = (
				en,
				Base,
			);
			mainGroup = D78CC79D25579C7900471D85;
			productRefGroup = D78CC7A725579C7900471D85 /* Products */;
			projectDirPath = "";
			projectRoot = "";
			targets = (
				D78CC7A525579C7900471D85 /* iMultiply */,
				D78CC7BB25579C7E00471D85 /* iMultiplyTests */,
				D78CC7C625579C7E00471D85 /* iMultiplyUITests */,
			);
		};
/* End PBXProject section */

/* Begin PBXResourcesBuildPhase section */
		D78CC7A425579C7900471D85 /* Resources */ = {
			isa = PBXResourcesBuildPhase;
			buildActionMask = 2147483647;
			files = (
				D78CC7B625579C7D00471D85 /* LaunchScreen.storyboard in Resources */,
				D78CC7DD25579DA700471D85 /* Montserrat in Resources */,
				D78CC7B325579C7D00471D85 /* Assets.xcassets in Resources */,
				D78CC7B125579C7900471D85 /* Main.storyboard in Resources */,
			);
			runOnlyForDeploymentPostprocessing = 0;
		};
		D78CC7BA25579C7E00471D85 /* Resources */ = {
			isa = PBXResourcesBuildPhase;
			buildActionMask = 2147483647;
			files = (
			);
			runOnlyForDeploymentPostprocessing = 0;
		};
		D78CC7C525579C7E00471D85 /* Resources */ = {
			isa = PBXResourcesBuildPhase;
			buildActionMask = 2147483647;
			files = (
			);
			runOnlyForDeploymentPostprocessing = 0;
		};
/* End PBXResourcesBuildPhase section */

/* Begin PBXSourcesBuildPhase section */
		D78CC7A225579C7900471D85 /* Sources */ = {
			isa = PBXSourcesBuildPhase;
			buildActionMask = 2147483647;
			files = (
				D72A7471255CEFC80045D800 /* GameViewController.swift in Sources */,
				D72A7476255D021C0045D800 /* GameViewCell.swift in Sources */,
				D78CC7AA25579C7900471D85 /* AppDelegate.swift in Sources */,
				D72A747E255D037C0045D800 /* SettingsViewController.swift in Sources */,
				D78CC7AC25579C7900471D85 /* SceneDelegate.swift in Sources */,
				D72A746C255CEB250045D800 /* Extension.swift in Sources */,
			);
			runOnlyForDeploymentPostprocessing = 0;
		};
		D78CC7B825579C7E00471D85 /* Sources */ = {
			isa = PBXSourcesBuildPhase;
			buildActionMask = 2147483647;
			files = (
				D78CC7C125579C7E00471D85 /* iMultiplyTests.swift in Sources */,
			);
			runOnlyForDeploymentPostprocessing = 0;
		};
		D78CC7C325579C7E00471D85 /* Sources */ = {
			isa = PBXSourcesBuildPhase;
			buildActionMask = 2147483647;
			files = (
				D78CC7CC25579C7E00471D85 /* iMultiplyUITests.swift in Sources */,
			);
			runOnlyForDeploymentPostprocessing = 0;
		};
/* End PBXSourcesBuildPhase section */

/* Begin PBXTargetDependency section */
		D78CC7BE25579C7E00471D85 /* PBXTargetDependency */ = {
			isa = PBXTargetDependency;
			target = D78CC7A525579C7900471D85 /* iMultiply */;
			targetProxy = D78CC7BD25579C7E00471D85 /* PBXContainerItemProxy */;
		};
		D78CC7C925579C7E00471D85 /* PBXTargetDependency */ = {
			isa = PBXTargetDependency;
			target = D78CC7A525579C7900471D85 /* iMultiply */;
			targetProxy = D78CC7C825579C7E00471D85 /* PBXContainerItemProxy */;
		};
/* End PBXTargetDependency section */

/* Begin PBXVariantGroup section */
		D78CC7AF25579C7900471D85 /* Main.storyboard */ = {
			isa = PBXVariantGroup;
			children = (
				D78CC7B025579C7900471D85 /* Base */,
			);
			name = Main.storyboard;
			sourceTree = "<group>";
		};
		D78CC7B425579C7D00471D85 /* LaunchScreen.storyboard */ = {
			isa = PBXVariantGroup;
			children = (
				D78CC7B525579C7D00471D85 /* Base */,
			);
			name = LaunchScreen.storyboard;
			sourceTree = "<group>";
		};
/* End PBXVariantGroup section */

/* Begin XCBuildConfiguration section */
		D78CC7CE25579C7E00471D85 /* Debug */ = {
			isa = XCBuildConfiguration;
			buildSettings = {
				ALWAYS_SEARCH_USER_PATHS = NO;
				CLANG_ANALYZER_NONNULL = YES;
				CLANG_ANALYZER_NUMBER_OBJECT_CONVERSION = YES_AGGRESSIVE;
				CLANG_CXX_LANGUAGE_STANDARD = "gnu++14";
				CLANG_CXX_LIBRARY = "libc++";
				CLANG_ENABLE_MODULES = YES;
				CLANG_ENABLE_OBJC_ARC = YES;
				CLANG_ENABLE_OBJC_WEAK = YES;
				CLANG_WARN_BLOCK_CAPTURE_AUTORELEASING = YES;
				CLANG_WARN_BOOL_CONVERSION = YES;
				CLANG_WARN_COMMA = YES;
				CLANG_WARN_CONSTANT_CONVERSION = YES;
				CLANG_WARN_DEPRECATED_OBJC_IMPLEMENTATIONS = YES;
				CLANG_WARN_DIRECT_OBJC_ISA_USAGE = YES_ERROR;
				CLANG_WARN_DOCUMENTATION_COMMENTS = YES;
				CLANG_WARN_EMPTY_BODY = YES;
				CLANG_WARN_ENUM_CONVERSION = YES;
				CLANG_WARN_INFINITE_RECURSION = YES;
				CLANG_WARN_INT_CONVERSION = YES;
				CLANG_WARN_NON_LITERAL_NULL_CONVERSION = YES;
				CLANG_WARN_OBJC_IMPLICIT_RETAIN_SELF = YES;
				CLANG_WARN_OBJC_LITERAL_CONVERSION = YES;
				CLANG_WARN_OBJC_ROOT_CLASS = YES_ERROR;
				CLANG_WARN_QUOTED_INCLUDE_IN_FRAMEWORK_HEADER = YES;
				CLANG_WARN_RANGE_LOOP_ANALYSIS = YES;
				CLANG_WARN_STRICT_PROTOTYPES = YES;
				CLANG_WARN_SUSPICIOUS_MOVE = YES;
				CLANG_WARN_UNGUARDED_AVAILABILITY = YES_AGGRESSIVE;
				CLANG_WARN_UNREACHABLE_CODE = YES;
				CLANG_WARN__DUPLICATE_METHOD_MATCH = YES;
				COPY_PHASE_STRIP = NO;
				DEBUG_INFORMATION_FORMAT = dwarf;
				ENABLE_STRICT_OBJC_MSGSEND = YES;
				ENABLE_TESTABILITY = YES;
				GCC_C_LANGUAGE_STANDARD = gnu11;
				GCC_DYNAMIC_NO_PIC = NO;
				GCC_NO_COMMON_BLOCKS = YES;
				GCC_OPTIMIZATION_LEVEL = 0;
				GCC_PREPROCESSOR_DEFINITIONS = (
					"DEBUG=1",
					"$(inherited)",
				);
				GCC_WARN_64_TO_32_BIT_CONVERSION = YES;
				GCC_WARN_ABOUT_RETURN_TYPE = YES_ERROR;
				GCC_WARN_UNDECLARED_SELECTOR = YES;
				GCC_WARN_UNINITIALIZED_AUTOS = YES_AGGRESSIVE;
				GCC_WARN_UNUSED_FUNCTION = YES;
				GCC_WARN_UNUSED_VARIABLE = YES;
				IPHONEOS_DEPLOYMENT_TARGET = 14.1;
				MTL_ENABLE_DEBUG_INFO = INCLUDE_SOURCE;
				MTL_FAST_MATH = YES;
				ONLY_ACTIVE_ARCH = YES;
				SDKROOT = iphoneos;
				SWIFT_ACTIVE_COMPILATION_CONDITIONS = DEBUG;
				SWIFT_OPTIMIZATION_LEVEL = "-Onone";
			};
			name = Debug;
		};
		D78CC7CF25579C7E00471D85 /* Release */ = {
			isa = XCBuildConfiguration;
			buildSettings = {
				ALWAYS_SEARCH_USER_PATHS = NO;
				CLANG_ANALYZER_NONNULL = YES;
				CLANG_ANALYZER_NUMBER_OBJECT_CONVERSION = YES_AGGRESSIVE;
				CLANG_CXX_LANGUAGE_STANDARD = "gnu++14";
				CLANG_CXX_LIBRARY = "libc++";
				CLANG_ENABLE_MODULES = YES;
				CLANG_ENABLE_OBJC_ARC = YES;
				CLANG_ENABLE_OBJC_WEAK = YES;
				CLANG_WARN_BLOCK_CAPTURE_AUTORELEASING = YES;
				CLANG_WARN_BOOL_CONVERSION = YES;
				CLANG_WARN_COMMA = YES;
				CLANG_WARN_CONSTANT_CONVERSION = YES;
				CLANG_WARN_DEPRECATED_OBJC_IMPLEMENTATIONS = YES;
				CLANG_WARN_DIRECT_OBJC_ISA_USAGE = YES_ERROR;
				CLANG_WARN_DOCUMENTATION_COMMENTS = YES;
				CLANG_WARN_EMPTY_BODY = YES;
				CLANG_WARN_ENUM_CONVERSION = YES;
				CLANG_WARN_INFINITE_RECURSION = YES;
				CLANG_WARN_INT_CONVERSION = YES;
				CLANG_WARN_NON_LITERAL_NULL_CONVERSION = YES;
				CLANG_WARN_OBJC_IMPLICIT_RETAIN_SELF = YES;
				CLANG_WARN_OBJC_LITERAL_CONVERSION = YES;
				CLANG_WARN_OBJC_ROOT_CLASS = YES_ERROR;
				CLANG_WARN_QUOTED_INCLUDE_IN_FRAMEWORK_HEADER = YES;
				CLANG_WARN_RANGE_LOOP_ANALYSIS = YES;
				CLANG_WARN_STRICT_PROTOTYPES = YES;
				CLANG_WARN_SUSPICIOUS_MOVE = YES;
				CLANG_WARN_UNGUARDED_AVAILABILITY = YES_AGGRESSIVE;
				CLANG_WARN_UNREACHABLE_CODE = YES;
				CLANG_WARN__DUPLICATE_METHOD_MATCH = YES;
				COPY_PHASE_STRIP = NO;
				DEBUG_INFORMATION_FORMAT = "dwarf-with-dsym";
				ENABLE_NS_ASSERTIONS = NO;
				ENABLE_STRICT_OBJC_MSGSEND = YES;
				GCC_C_LANGUAGE_STANDARD = gnu11;
				GCC_NO_COMMON_BLOCKS = YES;
				GCC_WARN_64_TO_32_BIT_CONVERSION = YES;
				GCC_WARN_ABOUT_RETURN_TYPE = YES_ERROR;
				GCC_WARN_UNDECLARED_SELECTOR = YES;
				GCC_WARN_UNINITIALIZED_AUTOS = YES_AGGRESSIVE;
				GCC_WARN_UNUSED_FUNCTION = YES;
				GCC_WARN_UNUSED_VARIABLE = YES;
				IPHONEOS_DEPLOYMENT_TARGET = 14.1;
				MTL_ENABLE_DEBUG_INFO = NO;
				MTL_FAST_MATH = YES;
				SDKROOT = iphoneos;
				SWIFT_COMPILATION_MODE = wholemodule;
				SWIFT_OPTIMIZATION_LEVEL = "-O";
				VALIDATE_PRODUCT = YES;
			};
			name = Release;
		};
		D78CC7D125579C7E00471D85 /* Debug */ = {
			isa = XCBuildConfiguration;
			buildSettings = {
				ASSETCATALOG_COMPILER_APPICON_NAME = AppIcon;
				ASSETCATALOG_COMPILER_GLOBAL_ACCENT_COLOR_NAME = AccentColor;
				CODE_SIGN_STYLE = Automatic;
				DEVELOPMENT_TEAM = 48VB59XN53;
				INFOPLIST_FILE = iMultiply/Info.plist;
				LD_RUNPATH_SEARCH_PATHS = (
					"$(inherited)",
					"@executable_path/Frameworks",
				);
				PRODUCT_BUNDLE_IDENTIFIER = com.dartsoftware.iMultiply;
				PRODUCT_NAME = "$(TARGET_NAME)";
				SWIFT_VERSION = 5.0;
				TARGETED_DEVICE_FAMILY = "1,2";
			};
			name = Debug;
		};
		D78CC7D225579C7E00471D85 /* Release */ = {
			isa = XCBuildConfiguration;
			buildSettings = {
				ASSETCATALOG_COMPILER_APPICON_NAME = AppIcon;
				ASSETCATALOG_COMPILER_GLOBAL_ACCENT_COLOR_NAME = AccentColor;
				CODE_SIGN_STYLE = Automatic;
				DEVELOPMENT_TEAM = 48VB59XN53;
				INFOPLIST_FILE = iMultiply/Info.plist;
				LD_RUNPATH_SEARCH_PATHS = (
					"$(inherited)",
					"@executable_path/Frameworks",
				);
				PRODUCT_BUNDLE_IDENTIFIER = com.dartsoftware.iMultiply;
				PRODUCT_NAME = "$(TARGET_NAME)";
				SWIFT_VERSION = 5.0;
				TARGETED_DEVICE_FAMILY = "1,2";
			};
			name = Release;
		};
		D78CC7D425579C7E00471D85 /* Debug */ = {
			isa = XCBuildConfiguration;
			buildSettings = {
				ALWAYS_EMBED_SWIFT_STANDARD_LIBRARIES = YES;
				BUNDLE_LOADER = "$(TEST_HOST)";
				CODE_SIGN_STYLE = Automatic;
				DEVELOPMENT_TEAM = 48VB59XN53;
				INFOPLIST_FILE = iMultiplyTests/Info.plist;
				IPHONEOS_DEPLOYMENT_TARGET = 14.1;
				LD_RUNPATH_SEARCH_PATHS = (
					"$(inherited)",
					"@executable_path/Frameworks",
					"@loader_path/Frameworks",
				);
				PRODUCT_BUNDLE_IDENTIFIER = com.dartsoftware.iMultiplyTests;
				PRODUCT_NAME = "$(TARGET_NAME)";
				SWIFT_VERSION = 5.0;
				TARGETED_DEVICE_FAMILY = "1,2";
				TEST_HOST = "$(BUILT_PRODUCTS_DIR)/iMultiply.app/iMultiply";
			};
			name = Debug;
		};
		D78CC7D525579C7E00471D85 /* Release */ = {
			isa = XCBuildConfiguration;
			buildSettings = {
				ALWAYS_EMBED_SWIFT_STANDARD_LIBRARIES = YES;
				BUNDLE_LOADER = "$(TEST_HOST)";
				CODE_SIGN_STYLE = Automatic;
				DEVELOPMENT_TEAM = 48VB59XN53;
				INFOPLIST_FILE = iMultiplyTests/Info.plist;
				IPHONEOS_DEPLOYMENT_TARGET = 14.1;
				LD_RUNPATH_SEARCH_PATHS = (
					"$(inherited)",
					"@executable_path/Frameworks",
					"@loader_path/Frameworks",
				);
				PRODUCT_BUNDLE_IDENTIFIER = com.dartsoftware.iMultiplyTests;
				PRODUCT_NAME = "$(TARGET_NAME)";
				SWIFT_VERSION = 5.0;
				TARGETED_DEVICE_FAMILY = "1,2";
				TEST_HOST = "$(BUILT_PRODUCTS_DIR)/iMultiply.app/iMultiply";
			};
			name = Release;
		};
		D78CC7D725579C7E00471D85 /* Debug */ = {
			isa = XCBuildConfiguration;
			buildSettings = {
				ALWAYS_EMBED_SWIFT_STANDARD_LIBRARIES = YES;
				CODE_SIGN_STYLE = Automatic;
				DEVELOPMENT_TEAM = 48VB59XN53;
				INFOPLIST_FILE = iMultiplyUITests/Info.plist;
				LD_RUNPATH_SEARCH_PATHS = (
					"$(inherited)",
					"@executable_path/Frameworks",
					"@loader_path/Frameworks",
				);
				PRODUCT_BUNDLE_IDENTIFIER = com.dartsoftware.iMultiplyUITests;
				PRODUCT_NAME = "$(TARGET_NAME)";
				SWIFT_VERSION = 5.0;
				TARGETED_DEVICE_FAMILY = "1,2";
				TEST_TARGET_NAME = iMultiply;
			};
			name = Debug;
		};
		D78CC7D825579C7E00471D85 /* Release */ = {
			isa = XCBuildConfiguration;
			buildSettings = {
				ALWAYS_EMBED_SWIFT_STANDARD_LIBRARIES = YES;
				CODE_SIGN_STYLE = Automatic;
				DEVELOPMENT_TEAM = 48VB59XN53;
				INFOPLIST_FILE = iMultiplyUITests/Info.plist;
				LD_RUNPATH_SEARCH_PATHS = (
					"$(inherited)",
					"@executable_path/Frameworks",
					"@loader_path/Frameworks",
				);
				PRODUCT_BUNDLE_IDENTIFIER = com.dartsoftware.iMultiplyUITests;
				PRODUCT_NAME = "$(TARGET_NAME)";
				SWIFT_VERSION = 5.0;
				TARGETED_DEVICE_FAMILY = "1,2";
				TEST_TARGET_NAME = iMultiply;
			};
			name = Release;
		};
/* End XCBuildConfiguration section */

/* Begin XCConfigurationList section */
		D78CC7A125579C7900471D85 /* Build configuration list for PBXProject "iMultiply" */ = {
			isa = XCConfigurationList;
			buildConfigurations = (
				D78CC7CE25579C7E00471D85 /* Debug */,
				D78CC7CF25579C7E00471D85 /* Release */,
			);
			defaultConfigurationIsVisible = 0;
			defaultConfigurationName = Release;
		};
		D78CC7D025579C7E00471D85 /* Build configuration list for PBXNativeTarget "iMultiply" */ = {
			isa = XCConfigurationList;
			buildConfigurations = (
				D78CC7D125579C7E00471D85 /* Debug */,
				D78CC7D225579C7E00471D85 /* Release */,
			);
			defaultConfigurationIsVisible = 0;
			defaultConfigurationName = Release;
		};
		D78CC7D325579C7E00471D85 /* Build configuration list for PBXNativeTarget "iMultiplyTests" */ = {
			isa = XCConfigurationList;
			buildConfigurations = (
				D78CC7D425579C7E00471D85 /* Debug */,
				D78CC7D525579C7E00471D85 /* Release */,
			);
			defaultConfigurationIsVisible = 0;
			defaultConfigurationName = Release;
		};
		D78CC7D625579C7E00471D85 /* Build configuration list for PBXNativeTarget "iMultiplyUITests" */ = {
			isa = XCConfigurationList;
			buildConfigurations = (
				D78CC7D725579C7E00471D85 /* Debug */,
				D78CC7D825579C7E00471D85 /* Release */,
			);
			defaultConfigurationIsVisible = 0;
			defaultConfigurationName = Release;
		};
/* End XCConfigurationList section */
	};
	rootObject = D78CC79E25579C7900471D85 /* Project object */;
}
